# THIS IS AN AUTOGENERATED FILE. DO NOT EDIT THIS FILE DIRECTLY.
# yarn lockfile v1


"@protobufjs/aspromise@^1.1.1", "@protobufjs/aspromise@^1.1.2":
  version "1.1.2"
  resolved "https://registry.yarnpkg.com/@protobufjs/aspromise/-/aspromise-1.1.2.tgz#9b8b0cc663d669a7d8f6f5d0893a14d348f30fbf"
  integrity sha512-j+gKExEuLmKwvz3OgROXtrJ2UG2x8Ch2YZUxahh+s1F2HZ+wAceUNLkvy6zKCPVRkU++ZWQrdxsUeQXmcg4uoQ==

"@protobufjs/base64@^1.1.2":
  version "1.1.2"
  resolved "https://registry.yarnpkg.com/@protobufjs/base64/-/base64-1.1.2.tgz#4c85730e59b9a1f1f349047dbf24296034bb2735"
  integrity sha512-AZkcAA5vnN/v4PDqKyMR5lx7hZttPDgClv83E//FMNhR2TMcLUhfRUBHCmSl0oi9zMgDDqRUJkSxO3wm85+XLg==

"@protobufjs/codegen@^2.0.4":
  version "2.0.4"
  resolved "https://registry.yarnpkg.com/@protobufjs/codegen/-/codegen-2.0.4.tgz#7ef37f0d010fb028ad1ad59722e506d9262815cb"
  integrity sha512-YyFaikqM5sH0ziFZCN3xDC7zeGaB/d0IUb9CATugHWbd1FRFwWwt4ld4OYMPWu5a3Xe01mGAULCdqhMlPl29Jg==

"@protobufjs/eventemitter@^1.1.0":
  version "1.1.0"
  resolved "https://registry.yarnpkg.com/@protobufjs/eventemitter/-/eventemitter-1.1.0.tgz#355cbc98bafad5978f9ed095f397621f1d066b70"
  integrity sha512-j9ednRT81vYJ9OfVuXG6ERSTdEL1xVsNgqpkxMsbIabzSo3goCjDIveeGv5d03om39ML71RdmrGNjG5SReBP/Q==

"@protobufjs/fetch@^1.1.0":
  version "1.1.0"
  resolved "https://registry.yarnpkg.com/@protobufjs/fetch/-/fetch-1.1.0.tgz#ba99fb598614af65700c1619ff06d454b0d84c45"
  integrity sha512-lljVXpqXebpsijW71PZaCYeIcE5on1w5DlQy5WH6GLbFryLUrBD4932W/E2BSpfRJWseIL4v/KPgBFxDOIdKpQ==
  dependencies:
    "@protobufjs/aspromise" "^1.1.1"
    "@protobufjs/inquire" "^1.1.0"

"@protobufjs/float@^1.0.2":
  version "1.0.2"
  resolved "https://registry.yarnpkg.com/@protobufjs/float/-/float-1.0.2.tgz#5e9e1abdcb73fc0a7cb8b291df78c8cbd97b87d1"
  integrity sha512-Ddb+kVXlXst9d+R9PfTIxh1EdNkgoRe5tOX6t01f1lYWOvJnSPDBlG241QLzcyPdoNTsblLUdujGSE4RzrTZGQ==

"@protobufjs/inquire@^1.1.0":
  version "1.1.0"
  resolved "https://registry.yarnpkg.com/@protobufjs/inquire/-/inquire-1.1.0.tgz#ff200e3e7cf2429e2dcafc1140828e8cc638f089"
  integrity sha512-kdSefcPdruJiFMVSbn801t4vFK7KB/5gd2fYvrxhuJYg8ILrmn9SKSX2tZdV6V+ksulWqS7aXjBcRXl3wHoD9Q==

"@protobufjs/path@^1.1.2":
  version "1.1.2"
  resolved "https://registry.yarnpkg.com/@protobufjs/path/-/path-1.1.2.tgz#6cc2b20c5c9ad6ad0dccfd21ca7673d8d7fbf68d"
  integrity sha512-6JOcJ5Tm08dOHAbdR3GrvP+yUUfkjG5ePsHYczMFLq3ZmMkAD98cDgcT2iA1lJ9NVwFd4tH/iSSoe44YWkltEA==

"@protobufjs/pool@^1.1.0":
  version "1.1.0"
  resolved "https://registry.yarnpkg.com/@protobufjs/pool/-/pool-1.1.0.tgz#09fd15f2d6d3abfa9b65bc366506d6ad7846ff54"
  integrity sha512-0kELaGSIDBKvcgS4zkjz1PeddatrjYcmMWOlAuAPwAeccUrPHdUqo/J6LiymHHEiJT5NrF1UVwxY14f+fy4WQw==

"@protobufjs/utf8@^1.1.0":
  version "1.1.0"
  resolved "https://registry.yarnpkg.com/@protobufjs/utf8/-/utf8-1.1.0.tgz#a777360b5b39a1a2e5106f8e858f2fd2d060c570"
  integrity sha512-Vvn3zZrhQZkkBE8LSuW3em98c0FwgO4nxzv6OdSxPKJIEKY2bGbHn+mhGIPerzI4twdxaP8/0+06HBpwf345Lw==

"@types/node@>=13.7.0":
  version "25.6.0"
  resolved "https://registry.yarnpkg.com/@types/node/-/node-25.6.0.tgz#4e09bad9b469871f2d0f68140198cbd714f4edca"
  integrity sha512-+qIYRKdNYJwY3vRCZMdJbPLJAtGjQBudzZzdzwQYkEPQd+PJGixUL5QfvCLDaULoLv+RhT3LDkwEfKaAkgSmNQ==
  dependencies:
    undici-types "~7.19.0"

"@valkey/valkey-glide-darwin-arm64@2.3.1":
  version "2.3.1"
  resolved "https://registry.yarnpkg.com/@valkey/valkey-glide-darwin-arm64/-/valkey-glide-darwin-arm64-2.3.1.tgz#4586e8738e3e18f5ec2d1d50e0b69de685172c50"
  integrity sha512-S3uCwGoBqQuVieBsevftlXzy/lFkDf49wQkg0UaRGMoWhmaik8d9rwTzKky1+otLjWCblWtMDcqIWGMs5ppo8Q==

"@valkey/valkey-glide-darwin-x64@2.3.1":
  version "2.3.1"
  resolved "https://registry.yarnpkg.com/@valkey/valkey-glide-darwin-x64/-/valkey-glide-darwin-x64-2.3.1.tgz#6143d8bc98ea5d193408b88ce1889a58f2d1f6da"
  integrity sha512-7F+UoyMhO0QiAHEDZApy0+PNR7v7Gct5SMiRH+8RuUk8Nf1Cc3mNVtFXk0jwwbhatiWiSNEaMDkTRPWYZN6IcQ==

"@valkey/valkey-glide-linux-arm64-gnu@2.3.1":
  version "2.3.1"
  resolved "https://registry.yarnpkg.com/@valkey/valkey-glide-linux-arm64-gnu/-/valkey-glide-linux-arm64-gnu-2.3.1.tgz#c5801e23adfc0e5828e82a056cc2640bed3994de"
  integrity sha512-Aigxpq6oSxPhdX7V0JZsQrBW4pzcNibCb1m6XorGdWpG62sttV/3DKz/06V+h1dSGfqpkjWPxRJS1EmTqPYmZw==

"@valkey/valkey-glide-linux-arm64-musl@2.3.1":
  version "2.3.1"
  resolved "https://registry.yarnpkg.com/@valkey/valkey-glide-linux-arm64-musl/-/valkey-glide-linux-arm64-musl-2.3.1.tgz#bff215ab54af6af869c41aceb974fcf5fb70a644"
  integrity sha512-vmohWbUncgH+Rz1OnXPeSDVChCFMy0MYL38qcmAS05aGwL2sgMjipsEWiAsc82IAauKsVE7Ou68YZcyYK/mhag==

"@valkey/valkey-glide-linux-x64-gnu@2.3.1":
  version "2.3.1"
  resolved "https://registry.yarnpkg.com/@valkey/valkey-glide-linux-x64-gnu/-/valkey-glide-linux-x64-gnu-2.3.1.tgz#bd12bb24e58feefe9419aafd7d00f9327d3981b1"
  integrity sha512-v/pJefhNO2fjEKq7uQAked896S2N3ZymiO/ei2v8JRxbYk1M+/Ffl6NH6SG+Mo/k2dyeRN1B5PXNq79jv149Rg==

"@valkey/valkey-glide-linux-x64-musl@2.3.1":
  version "2.3.1"
  resolved "https://registry.yarnpkg.com/@valkey/valkey-glide-linux-x64-musl/-/valkey-glide-linux-x64-musl-2.3.1.tgz#54b3c8e47f7f193b25550f2765fab76e6a0a3e80"
  integrity sha512-GAcWs6MrS4v6/mjoaYyd8ay+L6Zl2L9YjkuKsupWzjSsT+PEVV/3yX0ecNeK7SGMn5Wfd3InZ3gfGPEsWEhc0g==

"@valkey/valkey-glide@^2.3.1":
  version "2.3.1"
  resolved "https://registry.yarnpkg.com/@valkey/valkey-glide/-/valkey-glide-2.3.1.tgz#9033f2e1a47856d4c5a0b322e939b655a4557aaa"
  integrity sha512-HzKCoNRSJYG83vKrYVJk+By2a0qVt/VuQfziCtdM6Q3Lt2WUE1PqxUAwO1Br2flSgrTxNdGgaGmX8qdnM25d5w==
  dependencies:
    long "5"
    protobufjs "7"
  optionalDependencies:
    "@valkey/valkey-glide-darwin-arm64" "2.3.1"
    "@valkey/valkey-glide-darwin-x64" "2.3.1"
    "@valkey/valkey-glide-linux-arm64-gnu" "2.3.1"
    "@valkey/valkey-glide-linux-arm64-musl" "2.3.1"
    "@valkey/valkey-glide-linux-x64-gnu" "2.3.1"
    "@valkey/valkey-glide-linux-x64-musl" "2.3.1"

long@5, long@^5.0.0:
  version "5.3.2"
  resolved "https://registry.yarnpkg.com/long/-/long-5.3.2.tgz#1d84463095999262d7d7b7f8bfd4a8cc55167f83"
  integrity sha512-mNAgZ1GmyNhD7AuqnTG3/VQ26o760+ZYBPKjPvugO8+nLbYfX6TVpJPseBvopbdY+qpZ/lKUnmEc1LeZYS3QAA==

protobufjs@7:
  version "7.5.4"
  resolved "https://registry.yarnpkg.com/protobufjs/-/protobufjs-7.5.4.tgz#885d31fe9c4b37f25d1bb600da30b1c5b37d286a"
  integrity sha512-CvexbZtbov6jW2eXAvLukXjXUW1TzFaivC46BpWc/3BpcCysb5Vffu+B3XHMm8lVEuy2Mm4XGex8hBSg1yapPg==
  dependencies:
    "@protobufjs/aspromise" "^1.1.2"
    "@protobufjs/base64" "^1.1.2"
    "@protobufjs/codegen" "^2.0.4"
    "@protobufjs/eventemitter" "^1.1.0"
    "@protobufjs/fetch" "^1.1.0"
    "@protobufjs/float" "^1.0.2"
    "@protobufjs/inquire" "^1.1.0"
    "@protobufjs/path" "^1.1.2"
    "@protobufjs/pool" "^1.1.0"
    "@protobufjs/utf8" "^1.1.0"
    "@types/node" ">=13.7.0"
    long "^5.0.0"

undici-types@~7.19.0:
  version "7.19.2"
  resolved "https://registry.yarnpkg.com/undici-types/-/undici-types-7.19.2.tgz#1b67fc26d0f157a0cba3a58a5b5c1e2276b8ba2a"
  integrity sha512-qYVnV5OEm2AW8cJMCpdV20CDyaN3g0AjDlOGf1OW4iaDEx8MwdtChUp4zu4H0VP3nDRF/8RKWH+IPp9uW0YGZg==
